
Microsoft Visual Studio Solution File, Format Version 12.00
# Visual Studio 15
VisualStudioVersion = 15.0.27130.2027
MinimumVisualStudioVersion = 10.0.40219.1
Project("{FAE04EC0-301F-11D3-BF4B-00C04F79EFBC}") = "npcc", "npcc\npcc.csproj", "{06DF25AE-C692-4DCE-A00C-6041DDD42480}"
EndProject
Project("{FAE04EC0-301F-11D3-BF4B-00C04F79EFBC}") = "PartialClassTest1", "PartialClassTest1\PartialClassTest1.csproj", "{3D1E1310-8AD3-4C1C-9459-C50D89A3086D}"
EndProject
Project("{FAE04EC0-301F-11D3-BF4B-00C04F79EFBC}") = "NPC.TestCases.T1", "NPC.TestCases.T1\NPC.TestCases.T1.csproj", "{B46DF488-C4BB-469E-999F-BFF0A80CAF74}"
EndProject
Project("{FAE04EC0-301F-11D3-BF4B-00C04F79EFBC}") = "NPC.TestCases.T1.Main", "NPC.TestCases.T1.Main\NPC.TestCases.T1.Main.csproj", "{9C2BF2FF-9AF4-4F24-98BE-B4089D51C9EF}"
EndProject
Project("{FAE04EC0-301F-11D3-BF4B-00C04F79EFBC}") = "NPC.dApps.NeoDraw.Main", "NPC.dApps.NeoDraw.Main\NPC.dApps.NeoDraw.Main.csproj", "{750544C0-7748-4105-8BB9-31957AAA153E}"
EndProject
Project("{FAE04EC0-301F-11D3-BF4B-00C04F79EFBC}") = "NPC.dApps.NeoDraw", "NPC.dApps.NeoDraw\NPC.dApps.NeoDraw.csproj", "{4297A3F9-4FA1-40D9-BE71-0C9F1DA65183}"
EndProject
Project("{FAE04EC0-301F-11D3-BF4B-00C04F79EFBC}") = "NPC.dApp.NeoDraw.ClientApp", "NPC.dApp.NeoDraw.ClientApp\NPC.dApp.NeoDraw.ClientApp.csproj", "{D8D76F82-AB3C-4F5B-9E42-ED4936D79EB7}"
EndProject
Project("{FAE04EC0-301F-11D3-BF4B-00C04F79EFBC}") = "NPC.dApps.NeoDraw.Small", "NPC.dApps.NeoDraw.Small\NPC.dApps.NeoDraw.Small.csproj", "{61154C0C-3027-4B1A-A5B7-7C9975F36DE0}"
EndProject
Project("{FAE04EC0-301F-11D3-BF4B-00C04F79EFBC}") = "VoidMain1", "VoidMain1\VoidMain1.csproj", "{C4ADD5E8-FEC8-49BF-A9D8-3C0D1705204D}"
EndProject
Project("{FAE04EC0-301F-11D3-BF4B-00C04F79EFBC}") = "neo-lux-demo-npc", "neo-lux-demo-npc\neo-lux-demo-npc.csproj", "{A8922C16-B787-4963-BB92-6CE32F9A62AF}"
EndProject
Global
	GlobalSection(SolutionConfigurationPlatforms) = preSolution
		Debug|Any CPU = Debug|Any CPU
		Release|Any CPU = Release|Any CPU
	EndGlobalSection
	GlobalSection(ProjectConfigurationPlatforms) = postSolution
		{06DF25AE-C692-4DCE-A00C-6041DDD42480}.Debug|Any CPU.ActiveCfg = Debug|Any CPU
		{06DF25AE-C692-4DCE-A00C-6041DDD42480}.Debug|Any CPU.Build.0 = Debug|Any CPU
		{06DF25AE-C692-4DCE-A00C-6041DDD42480}.Release|Any CPU.ActiveCfg = Release|Any CPU
		{06DF25AE-C692-4DCE-A00C-6041DDD42480}.Release|Any CPU.Build.0 = Release|Any CPU
		{3D1E1310-8AD3-4C1C-9459-C50D89A3086D}.Debug|Any CPU.ActiveCfg = Debug|Any CPU
		{3D1E1310-8AD3-4C1C-9459-C50D89A3086D}.Debug|Any CPU.Build.0 = Debug|Any CPU
		{3D1E1310-8AD3-4C1C-9459-C50D89A3086D}.Release|Any CPU.ActiveCfg = Release|Any CPU
		{3D1E1310-8AD3-4C1C-9459-C50D89A3086D}.Release|Any CPU.Build.0 = Release|Any CPU
		{B46DF488-C4BB-469E-999F-BFF0A80CAF74}.Debug|Any CPU.ActiveCfg = Debug|Any CPU
		{B46DF488-C4BB-469E-999F-BFF0A80CAF74}.Debug|Any CPU.Build.0 = Debug|Any CPU
		{B46DF488-C4BB-469E-999F-BFF0A80CAF74}.Release|Any CPU.ActiveCfg = Release|Any CPU
		{B46DF488-C4BB-469E-999F-BFF0A80CAF74}.Release|Any CPU.Build.0 = Release|Any CPU
		{9C2BF2FF-9AF4-4F24-98BE-B4089D51C9EF}.Debug|Any CPU.ActiveCfg = Debug|Any CPU
		{9C2BF2FF-9AF4-4F24-98BE-B4089D51C9EF}.Debug|Any CPU.Build.0 = Debug|Any CPU
		{9C2BF2FF-9AF4-4F24-98BE-B4089D51C9EF}.Release|Any CPU.ActiveCfg = Release|Any CPU
		{9C2BF2FF-9AF4-4F24-98BE-B4089D51C9EF}.Release|Any CPU.Build.0 = Release|Any CPU
		{750544C0-7748-4105-8BB9-31957AAA153E}.Debug|Any CPU.ActiveCfg = Debug|Any CPU
		{750544C0-7748-4105-8BB9-31957AAA153E}.Debug|Any CPU.Build.0 = Debug|Any CPU
		{750544C0-7748-4105-8BB9-31957AAA153E}.Release|Any CPU.ActiveCfg = Release|Any CPU
		{750544C0-7748-4105-8BB9-31957AAA153E}.Release|Any CPU.Build.0 = Release|Any CPU
		{4297A3F9-4FA1-40D9-BE71-0C9F1DA65183}.Debug|Any CPU.ActiveCfg = Debug|Any CPU
		{4297A3F9-4FA1-40D9-BE71-0C9F1DA65183}.Debug|Any CPU.Build.0 = Debug|Any CPU
		{4297A3F9-4FA1-40D9-BE71-0C9F1DA65183}.Release|Any CPU.ActiveCfg = Release|Any CPU
		{4297A3F9-4FA1-40D9-BE71-0C9F1DA65183}.Release|Any CPU.Build.0 = Release|Any CPU
		{D8D76F82-AB3C-4F5B-9E42-ED4936D79EB7}.Debug|Any CPU.ActiveCfg = Debug|Any CPU
		{D8D76F82-AB3C-4F5B-9E42-ED4936D79EB7}.Debug|Any CPU.Build.0 = Debug|Any CPU
		{D8D76F82-AB3C-4F5B-9E42-ED4936D79EB7}.Release|Any CPU.ActiveCfg = Release|Any CPU
		{D8D76F82-AB3C-4F5B-9E42-ED4936D79EB7}.Release|Any CPU.Build.0 = Release|Any CPU
		{61154C0C-3027-4B1A-A5B7-7C9975F36DE0}.Debug|Any CPU.ActiveCfg = Debug|Any CPU
		{61154C0C-3027-4B1A-A5B7-7C9975F36DE0}.Debug|Any CPU.Build.0 = Debug|Any CPU
		{61154C0C-3027-4B1A-A5B7-7C9975F36DE0}.Release|Any CPU.ActiveCfg = Release|Any CPU
		{61154C0C-3027-4B1A-A5B7-7C9975F36DE0}.Release|Any CPU.Build.0 = Release|Any CPU
		{C4ADD5E8-FEC8-49BF-A9D8-3C0D1705204D}.Debug|Any CPU.ActiveCfg = Debug|Any CPU
		{C4ADD5E8-FEC8-49BF-A9D8-3C0D1705204D}.Debug|Any CPU.Build.0 = Debug|Any CPU
		{C4ADD5E8-FEC8-49BF-A9D8-3C0D1705204D}.Release|Any CPU.ActiveCfg = Release|Any CPU
		{C4ADD5E8-FEC8-49BF-A9D8-3C0D1705204D}.Release|Any CPU.Build.0 = Release|Any CPU
		{A8922C16-B787-4963-BB92-6CE32F9A62AF}.Debug|Any CPU.ActiveCfg = Debug|Any CPU
		{A8922C16-B787-4963-BB92-6CE32F9A62AF}.Debug|Any CPU.Build.0 = Debug|Any CPU
		{A8922C16-B787-4963-BB92-6CE32F9A62AF}.Release|Any CPU.ActiveCfg = Release|Any CPU
		{A8922C16-B787-4963-BB92-6CE32F9A62AF}.Release|Any CPU.Build.0 = Release|Any CPU
	EndGlobalSection
	GlobalSection(SolutionProperties) = preSolution
		HideSolutionNode = FALSE
	EndGlobalSection
	GlobalSection(ExtensibilityGlobals) = postSolution
		SolutionGuid = {3541A894-FDAF-4D2A-8FCA-A09FDA769029}
	EndGlobalSection
EndGlobal
